
Microsoft Visual Studio Solution File, Format Version 12.00
# Visual Studio 15
VisualStudioVersion = 15.0.27703.1
MinimumVisualStudioVersion = 10.0.40219.1
Project("{FAE04EC0-301F-11D3-BF4B-00C04F79EFBC}") = "ConsoleApp2", "ConsoleApp2\ConsoleApp2.csproj", "{CA27A023-B0C1-42F3-A139-6C1F528A91F2}"
EndProject
Global
	GlobalSection(SolutionConfigurationPlatforms) = preSolution
		Debug|Any CPU = Debug|Any CPU
		Release|Any CPU = Release|Any CPU
	EndGlobalSection
	GlobalSection(ProjectConfigurationPlatforms) = postSolution
		{CA27A023-B0C1-42F3-A139-6C1F528A91F2}.Debug|Any CPU.ActiveCfg = Debug|Any CPU
		{CA27A023-B0C1-42F3-A139-6C1F528A91F2}.Debug|Any CPU.Build.0 = Debug|Any CPU
		{CA27A023-B0C1-42F3-A139-6C1F528A91F2}.Release|Any CPU.ActiveCfg = Release|Any CPU
		{CA27A023-B0C1-42F3-A139-6C1F528A91F2}.Release|Any CPU.Build.0 = Release|Any CPU
	EndGlobalSection
	GlobalSection(SolutionProperties) = preSolution
		HideSolutionNode = FALSE
	EndGlobalSection
	GlobalSection(ExtensibilityGlobals) = postSolution
		SolutionGuid = {B8A75FA9-C51A-46EE-9C5A-11CDC35C23A1}
	EndGlobalSection
EndGlobal
